
Microsoft Visual Studio Solution File, Format Version 12.00
# Visual Studio Version 17
VisualStudioVersion = 17.10.35013.160
MinimumVisualStudioVersion = 10.0.40219.1
Project("{9A19103F-16F7-4668-BE54-9A1E7A4F7556}") = "EmpWebApp", "EmpWebApp.csproj", "{4AD5B747-0BF9-43E7-A233-7D130058C799}"
EndProject
Global
	GlobalSection(SolutionConfigurationPlatforms) = preSolution
		Debug|Any CPU = Debug|Any CPU
		Release|Any CPU = Release|Any CPU
	EndGlobalSection
	GlobalSection(ProjectConfigurationPlatforms) = postSolution
		{4AD5B747-0BF9-43E7-A233-7D130058C799}.Debug|Any CPU.ActiveCfg = Debug|Any CPU
		{4AD5B747-0BF9-43E7-A233-7D130058C799}.Debug|Any CPU.Build.0 = Debug|Any CPU
		{4AD5B747-0BF9-43E7-A233-7D130058C799}.Release|Any CPU.ActiveCfg = Release|Any CPU
		{4AD5B747-0BF9-43E7-A233-7D130058C799}.Release|Any CPU.Build.0 = Release|Any CPU
	EndGlobalSection
	GlobalSection(SolutionProperties) = preSolution
		HideSolutionNode = FALSE
	EndGlobalSection
	GlobalSection(ExtensibilityGlobals) = postSolution
		SolutionGuid = {E9EB1F7B-79D3-4CBA-B4FD-A22CEF7A4140}
	EndGlobalSection
EndGlobal
